lockfileVersion: '6.0'

settings:
  autoInstallPeers: true
  excludeLinksFromLockfile: false

dependencies:
  dotenv:
    specifier: ^16.4.5
    version: 16.4.5
  lodash:
    specifier: ^4.17.21
    version: 4.17.21
  pocketbase:
    specifier: ^0.21.1
    version: 0.21.1

packages:

  /dotenv@16.4.5:
    resolution: {integrity: sha512-ZmdL2rui+eB2YwhsWzjInR8LldtZHGDoQ1ugH85ppHKwpUHL7j7rN0Ti9NCnGiQbhaZ11FpR+7ao1dNsmduNUg==}
    engines: {node: '>=12'}
    dev: false

  /lodash@4.17.21:
    resolution: {integrity: sha512-v2kDEe57lecTulaDIuNTPy3Ry4gLGJ6Z1O3vE1krgXZNrsQ+LFTGHVxVjcXPs17LhbZVGedAJv8XZ1tvj5FvSg==}
    dev: false

  /pocketbase@0.21.1:
    resolution: {integrity: sha512-0PvCP4pKtxsV9kwldEGyibEvhwOcx9jSCrz3WN5CgPILJfM0z76f1op9WE8/8UgikDsMdRsc5iBLfKintrJS1g==}
    dev: false
